
Microsoft Visual Studio Solution File, Format Version 12.00
# Visual Studio 14
VisualStudioVersion = 14.0.25420.1
MinimumVisualStudioVersion = 10.0.40219.1
Project("{FAE04EC0-301F-11D3-BF4B-00C04F79EFBC}") = "EAD2PhoneBook", "EAD2PhoneBook\EAD2PhoneBook.csproj", "{EB0DD20D-26FD-4619-A36F-936BEFBC4DD3}"
EndProject
Global
	GlobalSection(SolutionConfigurationPlatforms) = preSolution
		Debug|Any CPU = Debug|Any CPU
		Release|Any CPU = Release|Any CPU
	EndGlobalSection
	GlobalSection(ProjectConfigurationPlatforms) = postSolution
		{EB0DD20D-26FD-4619-A36F-936BEFBC4DD3}.Debug|Any CPU.ActiveCfg = Debug|Any CPU
		{EB0DD20D-26FD-4619-A36F-936BEFBC4DD3}.Debug|Any CPU.Build.0 = Debug|Any CPU
		{EB0DD20D-26FD-4619-A36F-936BEFBC4DD3}.Release|Any CPU.ActiveCfg = Release|Any CPU
		{EB0DD20D-26FD-4619-A36F-936BEFBC4DD3}.Release|Any CPU.Build.0 = Release|Any CPU
	EndGlobalSection
	GlobalSection(SolutionProperties) = preSolution
		HideSolutionNode = FALSE
	EndGlobalSection
EndGlobal
