
Microsoft Visual Studio Solution File, Format Version 12.00
# Visual Studio 2012
Project("{FAE04EC0-301F-11D3-BF4B-00C04F79EFBC}") = "Weather", "Weather\Weather.csproj", "{B5128FC3-84E4-40B3-9AAA-7B37D48BBFD9}"
EndProject
Global
	GlobalSection(SolutionConfigurationPlatforms) = preSolution
		Debug|Any CPU = Debug|Any CPU
		Release|Any CPU = Release|Any CPU
	EndGlobalSection
	GlobalSection(ProjectConfigurationPlatforms) = postSolution
		{B5128FC3-84E4-40B3-9AAA-7B37D48BBFD9}.Debug|Any CPU.ActiveCfg = Debug|Any CPU
		{B5128FC3-84E4-40B3-9AAA-7B37D48BBFD9}.Debug|Any CPU.Build.0 = Debug|Any CPU
		{B5128FC3-84E4-40B3-9AAA-7B37D48BBFD9}.Release|Any CPU.ActiveCfg = Release|Any CPU
		{B5128FC3-84E4-40B3-9AAA-7B37D48BBFD9}.Release|Any CPU.Build.0 = Release|Any CPU
	EndGlobalSection
	GlobalSection(SolutionProperties) = preSolution
		HideSolutionNode = FALSE
	EndGlobalSection
EndGlobal
